{
  "name": "final project creative coding",
  "lockfileVersion": 2,
  "requires": true,
  "packages": {
    "": {
      "name": "final project creative coding",
      "dependencies": {
        "handsfree": "^8.0.8"
      }
    },
    "node_modules/gsap": {
      "version": "3.10.4",
      "resolved": "https://registry.npmjs.org/gsap/-/gsap-3.10.4.tgz",
      "integrity": "sha512-6QatdkKxXCMfvCW4rM++0RqyLQAzFX5nwl3yHS0XPgkZBkiSEY3VZVbMltrdtsbER/xZonLtyHt684wRp4erlQ=="
    },
    "node_modules/handsfree": {
      "version": "8.0.8",
      "resolved": "https://registry.npmjs.org/handsfree/-/handsfree-8.0.8.tgz",
      "integrity": "sha512-8ogI0kwRohEtwwgbtO9nwUu4PLkMGme48PLBA6nNoh8acWktzKI8XwpJOoojNpzG998gNcUU0gKckNXx08Aphw==",
      "dependencies": {
        "gsap": "^3.5.1",
        "lodash": "^4.17.20"
      }
    },
    "node_modules/lodash": {
      "version": "4.17.21",
      "resolved": "https://registry.npmjs.org/lodash/-/lodash-4.17.21.tgz",
      "integrity": "sha512-v2kDEe57lecTulaDIuNTPy3Ry4gLGJ6Z1O3vE1krgXZNrsQ+LFTGHVxVjcXPs17LhbZVGedAJv8XZ1tvj5FvSg=="
    }
  },
  "dependencies": {
    "gsap": {
      "version": "3.10.4",
      "resolved": "https://registry.npmjs.org/gsap/-/gsap-3.10.4.tgz",
      "integrity": "sha512-6QatdkKxXCMfvCW4rM++0RqyLQAzFX5nwl3yHS0XPgkZBkiSEY3VZVbMltrdtsbER/xZonLtyHt684wRp4erlQ=="
    },
    "handsfree": {
      "version": "8.0.8",
      "resolved": "https://registry.npmjs.org/handsfree/-/handsfree-8.0.8.tgz",
      "integrity": "sha512-8ogI0kwRohEtwwgbtO9nwUu4PLkMGme48PLBA6nNoh8acWktzKI8XwpJOoojNpzG998gNcUU0gKckNXx08Aphw==",
      "requires": {
        "gsap": "^3.5.1",
        "lodash": "^4.17.20"
      }
    },
    "lodash": {
      "version": "4.17.21",
      "resolved": "https://registry.npmjs.org/lodash/-/lodash-4.17.21.tgz",
      "integrity": "sha512-v2kDEe57lecTulaDIuNTPy3Ry4gLGJ6Z1O3vE1krgXZNrsQ+LFTGHVxVjcXPs17LhbZVGedAJv8XZ1tvj5FvSg=="
    }
  }
}
